// !$*UTF8*$!
{
	archiveVersion = 1;
	classes = {
	};
	objectVersion = 46;
	objects = {

/* Begin PBXBuildFile section */
		0D84209C1DDC38DD00AF4F49 /* main.m in Sources */ = {isa = PBXBuildFile; fileRef = 0D84209B1DDC38DD00AF4F49 /* main.m */; };
		0D8420A41DDC39D900AF4F49 /* Human.m in Sources */ = {isa = PBXBuildFile; fileRef = 0D8420A31DDC39D900AF4F49 /* Human.m */; };
		0D8420A71DDC3E2D00AF4F49 /* Student.m in Sources */ = {isa = PBXBuildFile; fileRef = 0D8420A61DDC3E2D00AF4F49 /* Student.m */; };
		0D8420AA1DDC468600AF4F49 /* Homework.m in Sources */ = {isa = PBXBuildFile; fileRef = 0D8420A91DDC468600AF4F49 /* Homework.m */; };
/* End PBXBuildFile section */

/* Begin PBXCopyFilesBuildPhase section */
		0D8420961DDC38DD00AF4F49 /* CopyFiles */ = {
			isa = PBXCopyFilesBuildPhase;
			buildActionMask = 2147483647;
			dstPath = /usr/share/man/man1/;
			dstSubfolderSpec = 0;
			files = (
			);
			runOnlyForDeploymentPostprocessing = 1;
		};
/* End PBXCopyFilesBuildPhase section */

/* Begin PBXFileReference section */
		0D8420981DDC38DD00AF4F49 /* CLIDEMO */ = {isa = PBXFileReference; explicitFileType = "compiled.mach-o.executable"; includeInIndex = 0; path = CLIDEMO; sourceTree = BUILT_PRODUCTS_DIR; };
		0D84209B1DDC38DD00AF4F49 /* main.m */ = {isa = PBXFileReference; lastKnownFileType = sourcecode.c.objc; path = main.m; sourceTree = "<group>"; };
		0D8420A21DDC39D900AF4F49 /* Human.h */ = {isa = PBXFileReference; fileEncoding = 4; lastKnownFileType = sourcecode.c.h; path = Human.h; sourceTree = "<group>"; };
		0D8420A31DDC39D900AF4F49 /* Human.m */ = {isa = PBXFileReference; fileEncoding = 4; lastKnownFileType = sourcecode.c.objc; path = Human.m; sourceTree = "<group>"; };
		0D8420A51DDC3E2D00AF4F49 /* Student.h */ = {isa = PBXFileReference; fileEncoding = 4; lastKnownFileType = sourcecode.c.h; path = Student.h; sourceTree = "<group>"; };
		0D8420A61DDC3E2D00AF4F49 /* Student.m */ = {isa = PBXFileReference; fileEncoding = 4; lastKnownFileType = sourcecode.c.objc; path = Student.m; sourceTree = "<group>"; };
		0D8420A81DDC468600AF4F49 /* Homework.h */ = {isa = PBXFileReference; fileEncoding = 4; lastKnownFileType = sourcecode.c.h; path = Homework.h; sourceTree = "<group>"; };
		0D8420A91DDC468600AF4F49 /* Homework.m */ = {isa = PBXFileReference; fileEncoding = 4; lastKnownFileType = sourcecode.c.objc; path = Homework.m; sourceTree = "<group>"; };
/* End PBXFileReference section */

/* Begin PBXFrameworksBuildPhase section */
		0D8420951DDC38DD00AF4F49 /* Frameworks */ = {
			isa = PBXFrameworksBuildPhase;
			buildActionMask = 2147483647;
			files = (
			);
			runOnlyForDeploymentPostprocessing = 0;
		};
/* End PBXFrameworksBuildPhase section */

/* Begin PBXGroup section */
		0D84208F1DDC38DD00AF4F49 = {
			isa = PBXGroup;
			children = (
				0D84209A1DDC38DD00AF4F49 /* CLIDEMO */,
				0D8420991DDC38DD00AF4F49 /* Products */,
			);
			sourceTree = "<group>";
		};
		0D8420991DDC38DD00AF4F49 /* Products */ = {
			isa = PBXGroup;
			children = (
				0D8420981DDC38DD00AF4F49 /* CLIDEMO */,
			);
			name = Products;
			sourceTree = "<group>";
		};
		0D84209A1DDC38DD00AF4F49 /* CLIDEMO */ = {
			isa = PBXGroup;
			children = (
				0D84209B1DDC38DD00AF4F49 /* main.m */,
				0D8420A21DDC39D900AF4F49 /* Human.h */,
				0D8420A31DDC39D900AF4F49 /* Human.m */,
				0D8420A51DDC3E2D00AF4F49 /* Student.h */,
				0D8420A61DDC3E2D00AF4F49 /* Student.m */,
				0D8420A81DDC468600AF4F49 /* Homework.h */,
				0D8420A91DDC468600AF4F49 /* Homework.m */,
			);
			path = CLIDEMO;
			sourceTree = "<group>";
		};
/* End PBXGroup section */

/* Begin PBXNativeTarget section */
		0D8420971DDC38DD00AF4F49 /* CLIDEMO */ = {
			isa = PBXNativeTarget;
			buildConfigurationList = 0D84209F1DDC38DD00AF4F49 /* Build configuration list for PBXNativeTarget "CLIDEMO" */;
			buildPhases = (
				0D8420941DDC38DD00AF4F49 /* Sources */,
				0D8420951DDC38DD00AF4F49 /* Frameworks */,
				0D8420961DDC38DD00AF4F49 /* CopyFiles */,
			);
			buildRules = (
			);
			dependencies = (
			);
			name = CLIDEMO;
			productName = CLIDEMO;
			productReference = 0D8420981DDC38DD00AF4F49 /* CLIDEMO */;
			productType = "com.apple.product-type.tool";
		};
/* End PBXNativeTarget section */

/* Begin PBXProject section */
		0D8420901DDC38DD00AF4F49 /* Project object */ = {
			isa = PBXProject;
			attributes = {
				LastUpgradeCheck = 0810;
				ORGANIZATIONNAME = "Justin Fincher";
				TargetAttributes = {
					0D8420971DDC38DD00AF4F49 = {
						CreatedOnToolsVersion = 8.1;
						DevelopmentTeam = 9QJ8M25J77;
						ProvisioningStyle = Automatic;
					};
				};
			};
			buildConfigurationList = 0D8420931DDC38DD00AF4F49 /* Build configuration list for PBXProject "CLIDEMO" */;
			compatibilityVersion = "Xcode 3.2";
			developmentRegion = English;
			hasScannedForEncodings = 0;
			knownRegions = (
				en,
			);
			mainGroup = 0D84208F1DDC38DD00AF4F49;
			productRefGroup = 0D8420991DDC38DD00AF4F49 /* Products */;
			projectDirPath = "";
			projectRoot = "";
			targets = (
				0D8420971DDC38DD00AF4F49 /* CLIDEMO */,
			);
		};
/* End PBXProject section */

/* Begin PBXSourcesBuildPhase section */
		0D8420941DDC38DD00AF4F49 /* Sources */ = {
			isa = PBXSourcesBuildPhase;
			buildActionMask = 2147483647;
			files = (
				0D84209C1DDC38DD00AF4F49 /* main.m in Sources */,
				0D8420AA1DDC468600AF4F49 /* Homework.m in Sources */,
				0D8420A41DDC39D900AF4F49 /* Human.m in Sources */,
				0D8420A71DDC3E2D00AF4F49 /* Student.m in Sources */,
			);
			runOnlyForDeploymentPostprocessing = 0;
		};
/* End PBXSourcesBuildPhase section */

/* Begin XCBuildConfiguration section */
		0D84209D1DDC38DD00AF4F49 /* Debug */ = {
			isa = XCBuildConfiguration;
			buildSettings = {
				ALWAYS_SEARCH_USER_PATHS = NO;
				CLANG_ANALYZER_NONNULL = YES;
				CLANG_CXX_LANGUAGE_STANDARD = "gnu++0x";
				CLANG_CXX_LIBRARY = "libc++";
				CLANG_ENABLE_MODULES = YES;
				CLANG_ENABLE_OBJC_ARC = YES;
				CLANG_WARN_BOOL_CONVERSION = YES;
				CLANG_WARN_CONSTANT_CONVERSION = YES;
				CLANG_WARN_DIRECT_OBJC_ISA_USAGE = YES_ERROR;
				CLANG_WARN_DOCUMENTATION_COMMENTS = YES;
				CLANG_WARN_EMPTY_BODY = YES;
				CLANG_WARN_ENUM_CONVERSION = YES;
				CLANG_WARN_INFINITE_RECURSION = YES;
				CLANG_WARN_INT_CONVERSION = YES;
				CLANG_WARN_OBJC_ROOT_CLASS = YES_ERROR;
				CLANG_WARN_SUSPICIOUS_MOVES = YES;
				CLANG_WARN_UNREACHABLE_CODE = YES;
				CLANG_WARN__DUPLICATE_METHOD_MATCH = YES;
				CODE_SIGN_IDENTITY = "-";
				COPY_PHASE_STRIP = NO;
				DEBUG_INFORMATION_FORMAT = dwarf;
				ENABLE_STRICT_OBJC_MSGSEND = YES;
				ENABLE_TESTABILITY = YES;
				GCC_C_LANGUAGE_STANDARD = gnu99;
				GCC_DYNAMIC_NO_PIC = NO;
				GCC_NO_COMMON_BLOCKS = YES;
				GCC_OPTIMIZATION_LEVEL = 0;
				GCC_PREPROCESSOR_DEFINITIONS = (
					"DEBUG=1",
					"$(inherited)",
				);
				GCC_WARN_64_TO_32_BIT_CONVERSION = YES;
				GCC_WARN_ABOUT_RETURN_TYPE = YES_ERROR;
				GCC_WARN_UNDECLARED_SELECTOR = YES;
				GCC_WARN_UNINITIALIZED_AUTOS = YES_AGGRESSIVE;
				GCC_WARN_UNUSED_FUNCTION = YES;
				GCC_WARN_UNUSED_VARIABLE = YES;
				MACOSX_DEPLOYMENT_TARGET = 10.12;
				MTL_ENABLE_DEBUG_INFO = YES;
				ONLY_ACTIVE_ARCH = YES;
				SDKROOT = macosx;
			};
			name = Debug;
		};
		0D84209E1DDC38DD00AF4F49 /* Release */ = {
			isa = XCBuildConfiguration;
			buildSettings = {
				ALWAYS_SEARCH_USER_PATHS = NO;
				CLANG_ANALYZER_NONNULL = YES;
				CLANG_CXX_LANGUAGE_STANDARD = "gnu++0x";
				CLANG_CXX_LIBRARY = "libc++";
				CLANG_ENABLE_MODULES = YES;
				CLANG_ENABLE_OBJC_ARC = YES;
				CLANG_WARN_BOOL_CONVERSION = YES;
				CLANG_WARN_CONSTANT_CONVERSION = YES;
				CLANG_WARN_DIRECT_OBJC_ISA_USAGE = YES_ERROR;
				CLANG_WARN_DOCUMENTATION_COMMENTS = YES;
				CLANG_WARN_EMPTY_BODY = YES;
				CLANG_WARN_ENUM_CONVERSION = YES;
				CLANG_WARN_INFINITE_RECURSION = YES;
				CLANG_WARN_INT_CONVERSION = YES;
				CLANG_WARN_OBJC_ROOT_CLASS = YES_ERROR;
				CLANG_WARN_SUSPICIOUS_MOVES = YES;
				CLANG_WARN_UNREACHABLE_CODE = YES;
				CLANG_WARN__DUPLICATE_METHOD_MATCH = YES;
				CODE_SIGN_IDENTITY = "-";
				COPY_PHASE_STRIP = NO;
				DEBUG_INFORMATION_FORMAT = "dwarf-with-dsym";
				ENABLE_NS_ASSERTIONS = NO;
				ENABLE_STRICT_OBJC_MSGSEND = YES;
				GCC_C_LANGUAGE_STANDARD = gnu99;
				GCC_NO_COMMON_BLOCKS = YES;
				GCC_WARN_64_TO_32_BIT_CONVERSION = YES;
				GCC_WARN_ABOUT_RETURN_TYPE = YES_ERROR;
				GCC_WARN_UNDECLARED_SELECTOR = YES;
				GCC_WARN_UNINITIALIZED_AUTOS = YES_AGGRESSIVE;
				GCC_WARN_UNUSED_FUNCTION = YES;
				GCC_WARN_UNUSED_VARIABLE = YES;
				MACOSX_DEPLOYMENT_TARGET = 10.12;
				MTL_ENABLE_DEBUG_INFO = NO;
				SDKROOT = macosx;
			};
			name = Release;
		};
		0D8420A01DDC38DD00AF4F49 /* Debug */ = {
			isa = XCBuildConfiguration;
			buildSettings = {
				DEVELOPMENT_TEAM = 9QJ8M25J77;
				PRODUCT_NAME = "$(TARGET_NAME)";
			};
			name = Debug;
		};
		0D8420A11DDC38DD00AF4F49 /* Release */ = {
			isa = XCBuildConfiguration;
			buildSettings = {
				DEVELOPMENT_TEAM = 9QJ8M25J77;
				PRODUCT_NAME = "$(TARGET_NAME)";
			};
			name = Release;
		};
/* End XCBuildConfiguration section */

/* Begin XCConfigurationList section */
		0D8420931DDC38DD00AF4F49 /* Build configuration list for PBXProject "CLIDEMO" */ = {
			isa = XCConfigurationList;
			buildConfigurations = (
				0D84209D1DDC38DD00AF4F49 /* Debug */,
				0D84209E1DDC38DD00AF4F49 /* Release */,
			);
			defaultConfigurationIsVisible = 0;
			defaultConfigurationName = Release;
		};
		0D84209F1DDC38DD00AF4F49 /* Build configuration list for PBXNativeTarget "CLIDEMO" */ = {
			isa = XCConfigurationList;
			buildConfigurations = (
				0D8420A01DDC38DD00AF4F49 /* Debug */,
				0D8420A11DDC38DD00AF4F49 /* Release */,
			);
			defaultConfigurationIsVisible = 0;
		};
/* End XCConfigurationList section */
	};
	rootObject = 0D8420901DDC38DD00AF4F49 /* Project object */;
}
